
Microsoft Visual Studio Solution File, Format Version 12.00
# Visual Studio Version 17
VisualStudioVersion = 17.2.32519.379
MinimumVisualStudioVersion = 10.0.40219.1
Project("{FAE04EC0-301F-11D3-BF4B-00C04F79EFBC}") = "12DHumanBot.Web", "12DHumanBot.Web\12DHumanBot.Web.csproj", "{C86137D9-DA65-44C8-8683-BBEEE7F7DFF3}"
EndProject
Project("{FAE04EC0-301F-11D3-BF4B-00C04F79EFBC}") = "12DHumanBot", "12DHumanBot\12DHumanBot.csproj", "{918F0302-D356-4ABE-B00A-96D094E2D760}"
EndProject
Global
	GlobalSection(SolutionConfigurationPlatforms) = preSolution
		Debug|Any CPU = Debug|Any CPU
		Release|Any CPU = Release|Any CPU
	EndGlobalSection
	GlobalSection(ProjectConfigurationPlatforms) = postSolution
		{C86137D9-DA65-44C8-8683-BBEEE7F7DFF3}.Debug|Any CPU.ActiveCfg = Debug|Any CPU
		{C86137D9-DA65-44C8-8683-BBEEE7F7DFF3}.Debug|Any CPU.Build.0 = Debug|Any CPU
		{C86137D9-DA65-44C8-8683-BBEEE7F7DFF3}.Release|Any CPU.ActiveCfg = Release|Any CPU
		{C86137D9-DA65-44C8-8683-BBEEE7F7DFF3}.Release|Any CPU.Build.0 = Release|Any CPU
		{918F0302-D356-4ABE-B00A-96D094E2D760}.Debug|Any CPU.ActiveCfg = Debug|Any CPU
		{918F0302-D356-4ABE-B00A-96D094E2D760}.Debug|Any CPU.Build.0 = Debug|Any CPU
		{918F0302-D356-4ABE-B00A-96D094E2D760}.Release|Any CPU.ActiveCfg = Release|Any CPU
		{918F0302-D356-4ABE-B00A-96D094E2D760}.Release|Any CPU.Build.0 = Release|Any CPU
	EndGlobalSection
	GlobalSection(SolutionProperties) = preSolution
		HideSolutionNode = FALSE
	EndGlobalSection
	GlobalSection(ExtensibilityGlobals) = postSolution
		SolutionGuid = {78D5ABC4-48DA-4C10-A92D-F05044274F81}
	EndGlobalSection
EndGlobal
